<Solution>
  <Folder Name="/src/">
    <Project Path="src/NaxCapture.App/NaxCapture.App.csproj">
      <Platform Project="x64" />
    </Project>
    <Project Path="src/NaxCapture.Capture/NaxCapture.Capture.csproj" />
    <Project Path="src/NaxCapture.Core/NaxCapture.Core.csproj" />
    <Project Path="src/NaxCapture.Editor/NaxCapture.Editor.csproj" />
    <Project Path="src/NaxCapture.Graphics/NaxCapture.Graphics.csproj" />
    <Project Path="src/NaxCapture.Video/NaxCapture.Video.csproj" />
  </Folder>
  <Folder Name="/tests/">
    <Project Path="tests/NaxCapture.Core.Tests/NaxCapture.Core.Tests.csproj" />
  </Folder>
</Solution>
